
Microsoft Visual Studio Solution File, Format Version 12.00
# Visual Studio Version 17
VisualStudioVersion = 17.3.32922.545
MinimumVisualStudioVersion = 10.0.40219.1
Project("{FAE04EC0-301F-11D3-BF4B-00C04F79EFBC}") = "1233123213123", "1233123213123\1233123213123.csproj", "{43A25290-212E-4B6B-9A8F-7B944780DCFC}"
EndProject
Global
	GlobalSection(SolutionConfigurationPlatforms) = preSolution
		Debug|Any CPU = Debug|Any CPU
		Release|Any CPU = Release|Any CPU
	EndGlobalSection
	GlobalSection(ProjectConfigurationPlatforms) = postSolution
		{43A25290-212E-4B6B-9A8F-7B944780DCFC}.Debug|Any CPU.ActiveCfg = Debug|Any CPU
		{43A25290-212E-4B6B-9A8F-7B944780DCFC}.Debug|Any CPU.Build.0 = Debug|Any CPU
		{43A25290-212E-4B6B-9A8F-7B944780DCFC}.Release|Any CPU.ActiveCfg = Release|Any CPU
		{43A25290-212E-4B6B-9A8F-7B944780DCFC}.Release|Any CPU.Build.0 = Release|Any CPU
	EndGlobalSection
	GlobalSection(SolutionProperties) = preSolution
		HideSolutionNode = FALSE
	EndGlobalSection
	GlobalSection(ExtensibilityGlobals) = postSolution
		SolutionGuid = {93532ECE-FF09-4654-81B7-BFBE94123226}
	EndGlobalSection
EndGlobal
